
Microsoft Visual Studio Solution File, Format Version 12.00
# Visual Studio Version 16
VisualStudioVersion = 16.0.29324.140
MinimumVisualStudioVersion = 10.0.40219.1
Project("{FAE04EC0-301F-11D3-BF4B-00C04F79EFBC}") = "OdlLegacyServiceSolution", "OdlLegacyServiceSolution.csproj", "{979643A9-9686-4F0C-8728-013FA312FF73}"
EndProject
Project("{FAE04EC0-301F-11D3-BF4B-00C04F79EFBC}") = "OdlLegacyWebServices", "..\OdlLegacyWebServices\OdlLegacyWebServices.csproj", "{921D58A3-99AD-48A8-A7BD-3BE61CB05B2A}"
EndProject
Global
	GlobalSection(SolutionConfigurationPlatforms) = preSolution
		Debug|Any CPU = Debug|Any CPU
		Release|Any CPU = Release|Any CPU
	EndGlobalSection
	GlobalSection(ProjectConfigurationPlatforms) = postSolution
		{979643A9-9686-4F0C-8728-013FA312FF73}.Debug|Any CPU.ActiveCfg = Debug|Any CPU
		{979643A9-9686-4F0C-8728-013FA312FF73}.Debug|Any CPU.Build.0 = Debug|Any CPU
		{979643A9-9686-4F0C-8728-013FA312FF73}.Release|Any CPU.ActiveCfg = Release|Any CPU
		{979643A9-9686-4F0C-8728-013FA312FF73}.Release|Any CPU.Build.0 = Release|Any CPU
		{921D58A3-99AD-48A8-A7BD-3BE61CB05B2A}.Debug|Any CPU.ActiveCfg = Debug|Any CPU
		{921D58A3-99AD-48A8-A7BD-3BE61CB05B2A}.Debug|Any CPU.Build.0 = Debug|Any CPU
		{921D58A3-99AD-48A8-A7BD-3BE61CB05B2A}.Release|Any CPU.ActiveCfg = Release|Any CPU
		{921D58A3-99AD-48A8-A7BD-3BE61CB05B2A}.Release|Any CPU.Build.0 = Release|Any CPU
	EndGlobalSection
	GlobalSection(SolutionProperties) = preSolution
		HideSolutionNode = FALSE
	EndGlobalSection
	GlobalSection(ExtensibilityGlobals) = postSolution
		SolutionGuid = {EC96F4DA-0271-426E-AFC0-2B08BAC00857}
	EndGlobalSection
EndGlobal
